
Microsoft Visual Studio Solution File, Format Version 12.00
# Visual Studio Version 16
VisualStudioVersion = 16.0.30320.27
MinimumVisualStudioVersion = 10.0.40219.1
Project("{8BC9CEB8-8B4A-11D0-8D11-00A0C91BC942}") = "ConsoleApplication1", "ConsoleApplication1\ConsoleApplication1.vcxproj", "{A48FF743-1586-40C4-A405-3C62D5B053AB}"
EndProject
Global
	GlobalSection(SolutionConfigurationPlatforms) = preSolution
		Debug|x64 = Debug|x64
		Debug|x86 = Debug|x86
		Release|x64 = Release|x64
		Release|x86 = Release|x86
	EndGlobalSection
	GlobalSection(ProjectConfigurationPlatforms) = postSolution
		{A48FF743-1586-40C4-A405-3C62D5B053AB}.Debug|x64.ActiveCfg = Debug|x64
		{A48FF743-1586-40C4-A405-3C62D5B053AB}.Debug|x64.Build.0 = Debug|x64
		{A48FF743-1586-40C4-A405-3C62D5B053AB}.Debug|x86.ActiveCfg = Debug|Win32
		{A48FF743-1586-40C4-A405-3C62D5B053AB}.Debug|x86.Build.0 = Debug|Win32
		{A48FF743-1586-40C4-A405-3C62D5B053AB}.Release|x64.ActiveCfg = Release|x64
		{A48FF743-1586-40C4-A405-3C62D5B053AB}.Release|x64.Build.0 = Release|x64
		{A48FF743-1586-40C4-A405-3C62D5B053AB}.Release|x86.ActiveCfg = Release|Win32
		{A48FF743-1586-40C4-A405-3C62D5B053AB}.Release|x86.Build.0 = Release|Win32
	EndGlobalSection
	GlobalSection(SolutionProperties) = preSolution
		HideSolutionNode = FALSE
	EndGlobalSection
	GlobalSection(ExtensibilityGlobals) = postSolution
		SolutionGuid = {B1BEC6B3-6745-45F4-9768-55EFEF6A68C4}
	EndGlobalSection
EndGlobal
